
Microsoft Visual Studio Solution File, Format Version 12.00
# Visual Studio Version 17
VisualStudioVersion = 17.8.34525.116
MinimumVisualStudioVersion = 10.0.40219.1
Project("{FAE04EC0-301F-11D3-BF4B-00C04F79EFBC}") = "XamlBehaviorsTest", "XamlBehaviorsTest.csproj", "{715CC26C-DFCD-4ED5-873F-0AD60F13B9FE}"
EndProject
Global
	GlobalSection(SolutionConfigurationPlatforms) = preSolution
		Debug|Any CPU = Debug|Any CPU
		Release|Any CPU = Release|Any CPU
	EndGlobalSection
	GlobalSection(ProjectConfigurationPlatforms) = postSolution
		{715CC26C-DFCD-4ED5-873F-0AD60F13B9FE}.Debug|Any CPU.ActiveCfg = Debug|Any CPU
		{715CC26C-DFCD-4ED5-873F-0AD60F13B9FE}.Debug|Any CPU.Build.0 = Debug|Any CPU
		{715CC26C-DFCD-4ED5-873F-0AD60F13B9FE}.Release|Any CPU.ActiveCfg = Release|Any CPU
		{715CC26C-DFCD-4ED5-873F-0AD60F13B9FE}.Release|Any CPU.Build.0 = Release|Any CPU
	EndGlobalSection
	GlobalSection(SolutionProperties) = preSolution
		HideSolutionNode = FALSE
	EndGlobalSection
	GlobalSection(ExtensibilityGlobals) = postSolution
		SolutionGuid = {8964B552-2E57-4E8D-9A56-30B8793CC8E2}
	EndGlobalSection
EndGlobal
